{
  "requires": true,
  "lockfileVersion": 1,
  "dependencies": {
    "@prettier/plugin-ruby": {
      "version": "0.15.1",
      "resolved": "https://registry.npmjs.org/@prettier/plugin-ruby/-/plugin-ruby-0.15.1.tgz",
      "integrity": "sha512-MmWFEwV9IYbz+hgiOC9my0R2F4M1FZ0OgLY16uNwkATE5hjRUt7GhOetvZLYB7hfOrl33o9PMPDpLwFRGnFtxQ==",
      "dev": true,
      "requires": {
        "prettier": "^1.16.4"
      }
    },
    "prettier": {
      "version": "1.19.1",
      "resolved": "https://registry.npmjs.org/prettier/-/prettier-1.19.1.tgz",
      "integrity": "sha512-s7PoyDv/II1ObgQunCbB9PdLmUcBZcnWOcxDh7O0N/UwDEsHyqkW+Qh28jW+mVuCdx7gLB0BotYI1Y6uI9iyew==",
      "dev": true
    }
  }
}
